
Microsoft Visual Studio Solution File, Format Version 12.00
# Visual Studio Version 17
VisualStudioVersion = 17.11.35327.3
MinimumVisualStudioVersion = 10.0.40219.1
Project("{2150E333-8FDC-42A3-9474-1A3956D46DE8}") = "Task0", "Task0", "{BB2FF579-EFAF-413D-8931-850B3E21F072}"
EndProject
Project("{FAE04EC0-301F-11D3-BF4B-00C04F79EFBC}") = "Tyuiu.BurdovKS.Sprint3.Task0.V10", "Tyuiu.BurdovKS.Sprint3.Task0.V10\Tyuiu.BurdovKS.Sprint3.Task0.V10.csproj", "{8FADF2AC-BB28-4FD0-9E7F-0D35FED525C3}"
EndProject
Project("{FAE04EC0-301F-11D3-BF4B-00C04F79EFBC}") = "Tyuiu.BurdovKS.Sprint3.Task0.V10.Lib", "Tyuiu.BurdovKS.Sprint3.Task0.V10.Lib\Tyuiu.BurdovKS.Sprint3.Task0.V10.Lib.csproj", "{6D5E50E9-EE2E-4486-8165-A53589B4BD13}"
EndProject
Project("{FAE04EC0-301F-11D3-BF4B-00C04F79EFBC}") = "Tyuiu.BurdovKS.Sprint3.Task0.V10.Test", "Tyuiu.BurdovKS.Sprint3.Task0.V10.Test\Tyuiu.BurdovKS.Sprint3.Task0.V10.Test.csproj", "{C3843A99-17C6-43F5-BD4C-17B269679610}"
EndProject
Project("{2150E333-8FDC-42A3-9474-1A3956D46DE8}") = "Task1", "Task1", "{44437649-6218-4971-866F-4FEC80AE27D3}"
EndProject
Project("{FAE04EC0-301F-11D3-BF4B-00C04F79EFBC}") = "Tyuiu.BurdovKS.Sprint3.Task1.V1", "Tyuiu.BurdovKS.Sprint3.Task1.V1\Tyuiu.BurdovKS.Sprint3.Task1.V1.csproj", "{694A0DC9-4AE4-44F5-8713-5297E899BAB2}"
EndProject
Project("{FAE04EC0-301F-11D3-BF4B-00C04F79EFBC}") = "Tyuiu.BurdovKS.Sprint3.Task1.V1.Lib", "Tyuiu.BurdovKS.Sprint3.Task1.V1.Lib\Tyuiu.BurdovKS.Sprint3.Task1.V1.Lib.csproj", "{0562A75A-302F-4AB3-951A-3753BE8DF8FE}"
EndProject
Project("{FAE04EC0-301F-11D3-BF4B-00C04F79EFBC}") = "Tyuiu.BurdovKS.Sprint3.Task1.V1.Test", "Tyuiu.BurdovKS.Sprint3.Task1.V1.Test\Tyuiu.BurdovKS.Sprint3.Task1.V1.Test.csproj", "{94496596-2F86-4397-B0DD-B08310F7FD9B}"
EndProject
Global
	GlobalSection(SolutionConfigurationPlatforms) = preSolution
		Debug|Any CPU = Debug|Any CPU
		Release|Any CPU = Release|Any CPU
	EndGlobalSection
	GlobalSection(ProjectConfigurationPlatforms) = postSolution
		{8FADF2AC-BB28-4FD0-9E7F-0D35FED525C3}.Debug|Any CPU.ActiveCfg = Debug|Any CPU
		{8FADF2AC-BB28-4FD0-9E7F-0D35FED525C3}.Debug|Any CPU.Build.0 = Debug|Any CPU
		{8FADF2AC-BB28-4FD0-9E7F-0D35FED525C3}.Release|Any CPU.ActiveCfg = Release|Any CPU
		{8FADF2AC-BB28-4FD0-9E7F-0D35FED525C3}.Release|Any CPU.Build.0 = Release|Any CPU
		{6D5E50E9-EE2E-4486-8165-A53589B4BD13}.Debug|Any CPU.ActiveCfg = Debug|Any CPU
		{6D5E50E9-EE2E-4486-8165-A53589B4BD13}.Debug|Any CPU.Build.0 = Debug|Any CPU
		{6D5E50E9-EE2E-4486-8165-A53589B4BD13}.Release|Any CPU.ActiveCfg = Release|Any CPU
		{6D5E50E9-EE2E-4486-8165-A53589B4BD13}.Release|Any CPU.Build.0 = Release|Any CPU
		{C3843A99-17C6-43F5-BD4C-17B269679610}.Debug|Any CPU.ActiveCfg = Debug|Any CPU
		{C3843A99-17C6-43F5-BD4C-17B269679610}.Debug|Any CPU.Build.0 = Debug|Any CPU
		{C3843A99-17C6-43F5-BD4C-17B269679610}.Release|Any CPU.ActiveCfg = Release|Any CPU
		{C3843A99-17C6-43F5-BD4C-17B269679610}.Release|Any CPU.Build.0 = Release|Any CPU
		{694A0DC9-4AE4-44F5-8713-5297E899BAB2}.Debug|Any CPU.ActiveCfg = Debug|Any CPU
		{694A0DC9-4AE4-44F5-8713-5297E899BAB2}.Debug|Any CPU.Build.0 = Debug|Any CPU
		{694A0DC9-4AE4-44F5-8713-5297E899BAB2}.Release|Any CPU.ActiveCfg = Release|Any CPU
		{694A0DC9-4AE4-44F5-8713-5297E899BAB2}.Release|Any CPU.Build.0 = Release|Any CPU
		{0562A75A-302F-4AB3-951A-3753BE8DF8FE}.Debug|Any CPU.ActiveCfg = Debug|Any CPU
		{0562A75A-302F-4AB3-951A-3753BE8DF8FE}.Debug|Any CPU.Build.0 = Debug|Any CPU
		{0562A75A-302F-4AB3-951A-3753BE8DF8FE}.Release|Any CPU.ActiveCfg = Release|Any CPU
		{0562A75A-302F-4AB3-951A-3753BE8DF8FE}.Release|Any CPU.Build.0 = Release|Any CPU
		{94496596-2F86-4397-B0DD-B08310F7FD9B}.Debug|Any CPU.ActiveCfg = Debug|Any CPU
		{94496596-2F86-4397-B0DD-B08310F7FD9B}.Debug|Any CPU.Build.0 = Debug|Any CPU
		{94496596-2F86-4397-B0DD-B08310F7FD9B}.Release|Any CPU.ActiveCfg = Release|Any CPU
		{94496596-2F86-4397-B0DD-B08310F7FD9B}.Release|Any CPU.Build.0 = Release|Any CPU
	EndGlobalSection
	GlobalSection(SolutionProperties) = preSolution
		HideSolutionNode = FALSE
	EndGlobalSection
	GlobalSection(NestedProjects) = preSolution
		{8FADF2AC-BB28-4FD0-9E7F-0D35FED525C3} = {BB2FF579-EFAF-413D-8931-850B3E21F072}
		{6D5E50E9-EE2E-4486-8165-A53589B4BD13} = {BB2FF579-EFAF-413D-8931-850B3E21F072}
		{C3843A99-17C6-43F5-BD4C-17B269679610} = {BB2FF579-EFAF-413D-8931-850B3E21F072}
		{694A0DC9-4AE4-44F5-8713-5297E899BAB2} = {44437649-6218-4971-866F-4FEC80AE27D3}
		{0562A75A-302F-4AB3-951A-3753BE8DF8FE} = {44437649-6218-4971-866F-4FEC80AE27D3}
		{94496596-2F86-4397-B0DD-B08310F7FD9B} = {44437649-6218-4971-866F-4FEC80AE27D3}
	EndGlobalSection
	GlobalSection(ExtensibilityGlobals) = postSolution
		SolutionGuid = {DE613BA0-BD8D-4633-A686-FFB9572A0FA5}
	EndGlobalSection
EndGlobal
